// !$*UTF8*$!
{
	archiveVersion = 1;
	classes = {
	};
	objectVersion = 77;
	objects = {

/* Begin PBXBuildFile section */
		0BC5C9967979F826455806FD /* NFCForgeApp.swift in Sources */ = {isa = PBXBuildFile; fileRef = AF1A51B550513FDA3A2E910E /* NFCForgeApp.swift */; };
		184BDD6985F38C0D6BA91FD5 /* Assets.xcassets in Resources */ = {isa = PBXBuildFile; fileRef = 9FF968611D9F9411737233D0 /* Assets.xcassets */; };
		5AD55A22D2A25D285005582A /* Models.swift in Sources */ = {isa = PBXBuildFile; fileRef = 4DEA4FE221EDFB2954AF7C47 /* Models.swift */; };
		5CB494DF10D3D9D053F911A0 /* NFCService.swift in Sources */ = {isa = PBXBuildFile; fileRef = B038B162D51EE03B06BAA911 /* NFCService.swift */; };
		DF2E7C72EA7FFA65FFB261AE /* NDEFCodec.swift in Sources */ = {isa = PBXBuildFile; fileRef = EA6A700DC277094D9E843129 /* NDEFCodec.swift */; };
		EBA4022A9339C4F0312B4C76 /* Views.swift in Sources */ = {isa = PBXBuildFile; fileRef = EB198FA81A0C769D0F250E89 /* Views.swift */; };
/* End PBXBuildFile section */

/* Begin PBXFileReference section */
		43565EC62A0DEC721A63706B /* NFCForge.entitlements */ = {isa = PBXFileReference; lastKnownFileType = text.plist.entitlements; path = NFCForge.entitlements; sourceTree = "<group>"; };
		4DEA4FE221EDFB2954AF7C47 /* Models.swift */ = {isa = PBXFileReference; lastKnownFileType = sourcecode.swift; path = Models.swift; sourceTree = "<group>"; };
		9FF968611D9F9411737233D0 /* Assets.xcassets */ = {isa = PBXFileReference; lastKnownFileType = folder.assetcatalog; path = Assets.xcassets; sourceTree = "<group>"; };
		AF1A51B550513FDA3A2E910E /* NFCForgeApp.swift */ = {isa = PBXFileReference; lastKnownFileType = sourcecode.swift; path = NFCForgeApp.swift; sourceTree = "<group>"; };
		B038B162D51EE03B06BAA911 /* NFCService.swift */ = {isa = PBXFileReference; lastKnownFileType = sourcecode.swift; path = NFCService.swift; sourceTree = "<group>"; };
		BC0585B911F35382AC13CD2D /* NFCForge.app */ = {isa = PBXFileReference; includeInIndex = 0; lastKnownFileType = wrapper.application; path = NFCForge.app; sourceTree = BUILT_PRODUCTS_DIR; };
		EA6A700DC277094D9E843129 /* NDEFCodec.swift */ = {isa = PBXFileReference; lastKnownFileType = sourcecode.swift; path = NDEFCodec.swift; sourceTree = "<group>"; };
		EB198FA81A0C769D0F250E89 /* Views.swift */ = {isa = PBXFileReference; lastKnownFileType = sourcecode.swift; path = Views.swift; sourceTree = "<group>"; };
		F616C39262D514A5F3EBAD2C /* Info.plist */ = {isa = PBXFileReference; lastKnownFileType = text.plist; path = Info.plist; sourceTree = "<group>"; };
/* End PBXFileReference section */

/* Begin PBXGroup section */
		0530BCCE82CFD57D76B7E63B /* Models */ = {
			isa = PBXGroup;
			children = (
				4DEA4FE221EDFB2954AF7C47 /* Models.swift */,
			);
			path = Models;
			sourceTree = "<group>";
		};
		0A9139673FCE3209023A0FF4 = {
			isa = PBXGroup;
			children = (
				31A1B0F803F258B1963DA371 /* NFCForge */,
				96E170F12C1CB85DAE2A652F /* Products */,
			);
			sourceTree = "<group>";
		};
		31A1B0F803F258B1963DA371 /* NFCForge */ = {
			isa = PBXGroup;
			children = (
				9FF968611D9F9411737233D0 /* Assets.xcassets */,
				F616C39262D514A5F3EBAD2C /* Info.plist */,
				43565EC62A0DEC721A63706B /* NFCForge.entitlements */,
				AF1A51B550513FDA3A2E910E /* NFCForgeApp.swift */,
				0530BCCE82CFD57D76B7E63B /* Models */,
				C3FA408CF63D44A39D0AFC1D /* Services */,
				A68D92805C5B31C33241E725 /* Views */,
			);
			path = NFCForge;
			sourceTree = "<group>";
		};
		96E170F12C1CB85DAE2A652F /* Products */ = {
			isa = PBXGroup;
			children = (
				BC0585B911F35382AC13CD2D /* NFCForge.app */,
			);
			name = Products;
			sourceTree = "<group>";
		};
		A68D92805C5B31C33241E725 /* Views */ = {
			isa = PBXGroup;
			children = (
				EB198FA81A0C769D0F250E89 /* Views.swift */,
			);
			path = Views;
			sourceTree = "<group>";
		};
		C3FA408CF63D44A39D0AFC1D /* Services */ = {
			isa = PBXGroup;
			children = (
				EA6A700DC277094D9E843129 /* NDEFCodec.swift */,
				B038B162D51EE03B06BAA911 /* NFCService.swift */,
			);
			path = Services;
			sourceTree = "<group>";
		};
/* End PBXGroup section */

/* Begin PBXNativeTarget section */
		A6279FB03784047ACF9D5625 /* NFCForge */ = {
			isa = PBXNativeTarget;
			buildConfigurationList = 74A7AF6C2C1E1F72E5C1B790 /* Build configuration list for PBXNativeTarget "NFCForge" */;
			buildPhases = (
				29E70593381CB30EB9F39824 /* Sources */,
				F1E56755EB92441243E22D0C /* Resources */,
			);
			buildRules = (
			);
			dependencies = (
			);
			name = NFCForge;
			packageProductDependencies = (
			);
			productName = NFCForge;
			productReference = BC0585B911F35382AC13CD2D /* NFCForge.app */;
			productType = "com.apple.product-type.application";
		};
/* End PBXNativeTarget section */

/* Begin PBXProject section */
		386ADB3DAC5EE1076602BD09 /* Project object */ = {
			isa = PBXProject;
			attributes = {
				BuildIndependentTargetsInParallel = YES;
				LastUpgradeCheck = 1430;
				TargetAttributes = {
				};
			};
			buildConfigurationList = 098BD171E261075ACDD5A5F0 /* Build configuration list for PBXProject "NFCForge" */;
			developmentRegion = en;
			hasScannedForEncodings = 0;
			knownRegions = (
				Base,
				en,
			);
			mainGroup = 0A9139673FCE3209023A0FF4;
			minimizedProjectReferenceProxies = 1;
			preferredProjectObjectVersion = 77;
			productRefGroup = 96E170F12C1CB85DAE2A652F /* Products */;
			projectDirPath = "";
			projectRoot = "";
			targets = (
				A6279FB03784047ACF9D5625 /* NFCForge */,
			);
		};
/* End PBXProject section */

/* Begin PBXResourcesBuildPhase section */
		F1E56755EB92441243E22D0C /* Resources */ = {
			isa = PBXResourcesBuildPhase;
			buildActionMask = 2147483647;
			files = (
				184BDD6985F38C0D6BA91FD5 /* Assets.xcassets in Resources */,
			);
			runOnlyForDeploymentPostprocessing = 0;
		};
/* End PBXResourcesBuildPhase section */

/* Begin PBXSourcesBuildPhase section */
		29E70593381CB30EB9F39824 /* Sources */ = {
			isa = PBXSourcesBuildPhase;
			buildActionMask = 2147483647;
			files = (
				5AD55A22D2A25D285005582A /* Models.swift in Sources */,
				DF2E7C72EA7FFA65FFB261AE /* NDEFCodec.swift in Sources */,
				0BC5C9967979F826455806FD /* NFCForgeApp.swift in Sources */,
				5CB494DF10D3D9D053F911A0 /* NFCService.swift in Sources */,
				EBA4022A9339C4F0312B4C76 /* Views.swift in Sources */,
			);
			runOnlyForDeploymentPostprocessing = 0;
		};
/* End PBXSourcesBuildPhase section */

/* Begin XCBuildConfiguration section */
		084C2F62028545CB849D60A9 /* Release */ = {
			isa = XCBuildConfiguration;
			buildSettings = {
				ASSETCATALOG_COMPILER_APPICON_NAME = AppIcon;
				CODE_SIGN_ENTITLEMENTS = NFCForge/NFCForge.entitlements;
				CODE_SIGN_IDENTITY = "iPhone Developer";
				GENERATE_INFOPLIST_FILE = NO;
				INFOPLIST_FILE = NFCForge/Info.plist;
				LD_RUNPATH_SEARCH_PATHS = (
					"$(inherited)",
					"@executable_path/Frameworks",
				);
				PRODUCT_BUNDLE_IDENTIFIER = app.seaweed4660.tiger8048;
				SDKROOT = iphoneos;
				TARGETED_DEVICE_FAMILY = 1;
			};
			name = Release;
		};
		45161639EEB8E88146E57F85 /* Debug */ = {
			isa = XCBuildConfiguration;
			buildSettings = {
				ASSETCATALOG_COMPILER_APPICON_NAME = AppIcon;
				CODE_SIGN_ENTITLEMENTS = NFCForge/NFCForge.entitlements;
				CODE_SIGN_IDENTITY = "iPhone Developer";
				GENERATE_INFOPLIST_FILE = NO;
				INFOPLIST_FILE = NFCForge/Info.plist;
				LD_RUNPATH_SEARCH_PATHS = (
					"$(inherited)",
					"@executable_path/Frameworks",
				);
				PRODUCT_BUNDLE_IDENTIFIER = app.seaweed4660.tiger8048;
				SDKROOT = iphoneos;
				TARGETED_DEVICE_FAMILY = 1;
			};
			name = Debug;
		};
		60252373F2898F7F59E3DB21 /* Debug */ = {
			isa = XCBuildConfiguration;
			buildSettings = {
				ALWAYS_SEARCH_USER_PATHS = NO;
				CLANG_ANALYZER_NONNULL = YES;
				CLANG_ANALYZER_NUMBER_OBJECT_CONVERSION = YES_AGGRESSIVE;
				CLANG_CXX_LANGUAGE_STANDARD = "gnu++14";
				CLANG_CXX_LIBRARY = "libc++";
				CLANG_ENABLE_MODULES = YES;
				CLANG_ENABLE_OBJC_ARC = YES;
				CLANG_ENABLE_OBJC_WEAK = YES;
				CLANG_WARN_BLOCK_CAPTURE_AUTORELEASING = YES;
				CLANG_WARN_BOOL_CONVERSION = YES;
				CLANG_WARN_COMMA = YES;
				CLANG_WARN_CONSTANT_CONVERSION = YES;
				CLANG_WARN_DEPRECATED_OBJC_IMPLEMENTATIONS = YES;
				CLANG_WARN_DIRECT_OBJC_ISA_USAGE = YES_ERROR;
				CLANG_WARN_DOCUMENTATION_COMMENTS = YES;
				CLANG_WARN_EMPTY_BODY = YES;
				CLANG_WARN_ENUM_CONVERSION = YES;
				CLANG_WARN_INFINITE_RECURSION = YES;
				CLANG_WARN_INT_CONVERSION = YES;
				CLANG_WARN_NON_LITERAL_NULL_CONVERSION = YES;
				CLANG_WARN_OBJC_IMPLICIT_RETAIN_SELF = YES;
				CLANG_WARN_OBJC_LITERAL_CONVERSION = YES;
				CLANG_WARN_OBJC_ROOT_CLASS = YES_ERROR;
				CLANG_WARN_QUOTED_INCLUDE_IN_FRAMEWORK_HEADER = YES;
				CLANG_WARN_RANGE_LOOP_ANALYSIS = YES;
				CLANG_WARN_STRICT_PROTOTYPES = YES;
				CLANG_WARN_SUSPICIOUS_MOVE = YES;
				CLANG_WARN_UNGUARDED_AVAILABILITY = YES_AGGRESSIVE;
				CLANG_WARN_UNREACHABLE_CODE = YES;
				CLANG_WARN__DUPLICATE_METHOD_MATCH = YES;
				COPY_PHASE_STRIP = NO;
				DEBUG_INFORMATION_FORMAT = dwarf;
				ENABLE_STRICT_OBJC_MSGSEND = YES;
				ENABLE_TESTABILITY = YES;
				GCC_C_LANGUAGE_STANDARD = gnu11;
				GCC_DYNAMIC_NO_PIC = NO;
				GCC_NO_COMMON_BLOCKS = YES;
				GCC_OPTIMIZATION_LEVEL = 0;
				GCC_PREPROCESSOR_DEFINITIONS = (
					"$(inherited)",
					"DEBUG=1",
				);
				GCC_WARN_64_TO_32_BIT_CONVERSION = YES;
				GCC_WARN_ABOUT_RETURN_TYPE = YES_ERROR;
				GCC_WARN_UNDECLARED_SELECTOR = YES;
				GCC_WARN_UNINITIALIZED_AUTOS = YES_AGGRESSIVE;
				GCC_WARN_UNUSED_FUNCTION = YES;
				GCC_WARN_UNUSED_VARIABLE = YES;
				IPHONEOS_DEPLOYMENT_TARGET = 17.0;
				MTL_ENABLE_DEBUG_INFO = INCLUDE_SOURCE;
				MTL_FAST_MATH = YES;
				ONLY_ACTIVE_ARCH = YES;
				PRODUCT_NAME = "$(TARGET_NAME)";
				SDKROOT = iphoneos;
				SWIFT_ACTIVE_COMPILATION_CONDITIONS = DEBUG;
				SWIFT_OPTIMIZATION_LEVEL = "-Onone";
				SWIFT_VERSION = 5.0;
			};
			name = Debug;
		};
		98A7AC335E78929DCD72D682 /* Release */ = {
			isa = XCBuildConfiguration;
			buildSettings = {
				ALWAYS_SEARCH_USER_PATHS = NO;
				CLANG_ANALYZER_NONNULL = YES;
				CLANG_ANALYZER_NUMBER_OBJECT_CONVERSION = YES_AGGRESSIVE;
				CLANG_CXX_LANGUAGE_STANDARD = "gnu++14";
				CLANG_CXX_LIBRARY = "libc++";
				CLANG_ENABLE_MODULES = YES;
				CLANG_ENABLE_OBJC_ARC = YES;
				CLANG_ENABLE_OBJC_WEAK = YES;
				CLANG_WARN_BLOCK_CAPTURE_AUTORELEASING = YES;
				CLANG_WARN_BOOL_CONVERSION = YES;
				CLANG_WARN_COMMA = YES;
				CLANG_WARN_CONSTANT_CONVERSION = YES;
				CLANG_WARN_DEPRECATED_OBJC_IMPLEMENTATIONS = YES;
				CLANG_WARN_DIRECT_OBJC_ISA_USAGE = YES_ERROR;
				CLANG_WARN_DOCUMENTATION_COMMENTS = YES;
				CLANG_WARN_EMPTY_BODY = YES;
				CLANG_WARN_ENUM_CONVERSION = YES;
				CLANG_WARN_INFINITE_RECURSION = YES;
				CLANG_WARN_INT_CONVERSION = YES;
				CLANG_WARN_NON_LITERAL_NULL_CONVERSION = YES;
				CLANG_WARN_OBJC_IMPLICIT_RETAIN_SELF = YES;
				CLANG_WARN_OBJC_LITERAL_CONVERSION = YES;
				CLANG_WARN_OBJC_ROOT_CLASS = YES_ERROR;
				CLANG_WARN_QUOTED_INCLUDE_IN_FRAMEWORK_HEADER = YES;
				CLANG_WARN_RANGE_LOOP_ANALYSIS = YES;
				CLANG_WARN_STRICT_PROTOTYPES = YES;
				CLANG_WARN_SUSPICIOUS_MOVE = YES;
				CLANG_WARN_UNGUARDED_AVAILABILITY = YES_AGGRESSIVE;
				CLANG_WARN_UNREACHABLE_CODE = YES;
				CLANG_WARN__DUPLICATE_METHOD_MATCH = YES;
				COPY_PHASE_STRIP = NO;
				DEBUG_INFORMATION_FORMAT = "dwarf-with-dsym";
				ENABLE_NS_ASSERTIONS = NO;
				ENABLE_STRICT_OBJC_MSGSEND = YES;
				GCC_C_LANGUAGE_STANDARD = gnu11;
				GCC_NO_COMMON_BLOCKS = YES;
				GCC_WARN_64_TO_32_BIT_CONVERSION = YES;
				GCC_WARN_ABOUT_RETURN_TYPE = YES_ERROR;
				GCC_WARN_UNDECLARED_SELECTOR = YES;
				GCC_WARN_UNINITIALIZED_AUTOS = YES_AGGRESSIVE;
				GCC_WARN_UNUSED_FUNCTION = YES;
				GCC_WARN_UNUSED_VARIABLE = YES;
				IPHONEOS_DEPLOYMENT_TARGET = 17.0;
				MTL_ENABLE_DEBUG_INFO = NO;
				MTL_FAST_MATH = YES;
				PRODUCT_NAME = "$(TARGET_NAME)";
				SDKROOT = iphoneos;
				SWIFT_COMPILATION_MODE = wholemodule;
				SWIFT_OPTIMIZATION_LEVEL = "-O";
				SWIFT_VERSION = 5.0;
			};
			name = Release;
		};
/* End XCBuildConfiguration section */

/* Begin XCConfigurationList section */
		098BD171E261075ACDD5A5F0 /* Build configuration list for PBXProject "NFCForge" */ = {
			isa = XCConfigurationList;
			buildConfigurations = (
				60252373F2898F7F59E3DB21 /* Debug */,
				98A7AC335E78929DCD72D682 /* Release */,
			);
			defaultConfigurationIsVisible = 0;
			defaultConfigurationName = Debug;
		};
		74A7AF6C2C1E1F72E5C1B790 /* Build configuration list for PBXNativeTarget "NFCForge" */ = {
			isa = XCConfigurationList;
			buildConfigurations = (
				45161639EEB8E88146E57F85 /* Debug */,
				084C2F62028545CB849D60A9 /* Release */,
			);
			defaultConfigurationIsVisible = 0;
			defaultConfigurationName = Debug;
		};
/* End XCConfigurationList section */
	};
	rootObject = 386ADB3DAC5EE1076602BD09 /* Project object */;
}
